
Microsoft Visual Studio Solution File, Format Version 12.00
# Visual Studio Version 16
VisualStudioVersion = 16.0.30804.86
MinimumVisualStudioVersion = 10.0.40219.1
Project("{FAE04EC0-301F-11D3-BF4B-00C04F79EFBC}") = "FamilyCalculator", "FamilyCalculator.csproj", "{6A11E353-7B76-4995-A409-A1185ABB9727}"
EndProject
Global
	GlobalSection(SolutionConfigurationPlatforms) = preSolution
		Debug|Any CPU = Debug|Any CPU
		Release|Any CPU = Release|Any CPU
	EndGlobalSection
	GlobalSection(ProjectConfigurationPlatforms) = postSolution
		{6A11E353-7B76-4995-A409-A1185ABB9727}.Debug|Any CPU.ActiveCfg = Debug|Any CPU
		{6A11E353-7B76-4995-A409-A1185ABB9727}.Debug|Any CPU.Build.0 = Debug|Any CPU
		{6A11E353-7B76-4995-A409-A1185ABB9727}.Debug|Any CPU.Deploy.0 = Debug|Any CPU
		{6A11E353-7B76-4995-A409-A1185ABB9727}.Release|Any CPU.ActiveCfg = Release|Any CPU
		{6A11E353-7B76-4995-A409-A1185ABB9727}.Release|Any CPU.Build.0 = Release|Any CPU
		{6A11E353-7B76-4995-A409-A1185ABB9727}.Release|Any CPU.Deploy.0 = Release|Any CPU
	EndGlobalSection
	GlobalSection(SolutionProperties) = preSolution
		HideSolutionNode = FALSE
	EndGlobalSection
	GlobalSection(ExtensibilityGlobals) = postSolution
		SolutionGuid = {D736A8CA-1FC5-41FB-8C67-E1031890FBAC}
	EndGlobalSection
EndGlobal
